
Microsoft Visual Studio Solution File, Format Version 12.00
# Visual Studio Version 16
VisualStudioVersion = 16.0.29613.14
MinimumVisualStudioVersion = 10.0.40219.1
Project("{8BC9CEB8-8B4A-11D0-8D11-00A0C91BC942}") = "Lab1-DataLab", "Lab1-DataLab\Lab1-DataLab.vcxproj", "{E40D485A-C892-4B6C-84FB-1FA0ACB5AC15}"
EndProject
Global
	GlobalSection(SolutionConfigurationPlatforms) = preSolution
		Debug|x64 = Debug|x64
		Debug|x86 = Debug|x86
		Release|x64 = Release|x64
		Release|x86 = Release|x86
	EndGlobalSection
	GlobalSection(ProjectConfigurationPlatforms) = postSolution
		{E40D485A-C892-4B6C-84FB-1FA0ACB5AC15}.Debug|x64.ActiveCfg = Debug|x64
		{E40D485A-C892-4B6C-84FB-1FA0ACB5AC15}.Debug|x64.Build.0 = Debug|x64
		{E40D485A-C892-4B6C-84FB-1FA0ACB5AC15}.Debug|x86.ActiveCfg = Debug|Win32
		{E40D485A-C892-4B6C-84FB-1FA0ACB5AC15}.Debug|x86.Build.0 = Debug|Win32
		{E40D485A-C892-4B6C-84FB-1FA0ACB5AC15}.Release|x64.ActiveCfg = Release|x64
		{E40D485A-C892-4B6C-84FB-1FA0ACB5AC15}.Release|x64.Build.0 = Release|x64
		{E40D485A-C892-4B6C-84FB-1FA0ACB5AC15}.Release|x86.ActiveCfg = Release|Win32
		{E40D485A-C892-4B6C-84FB-1FA0ACB5AC15}.Release|x86.Build.0 = Release|Win32
	EndGlobalSection
	GlobalSection(SolutionProperties) = preSolution
		HideSolutionNode = FALSE
	EndGlobalSection
	GlobalSection(ExtensibilityGlobals) = postSolution
		SolutionGuid = {224A85EF-C47A-43AE-967D-B7C9B8843B63}
	EndGlobalSection
EndGlobal
